
Microsoft Visual Studio Solution File, Format Version 12.00
# Visual Studio Version 16
VisualStudioVersion = 16.0.29215.179
MinimumVisualStudioVersion = 10.0.40219.1
Project("{9A19103F-16F7-4668-BE54-9A1E7A4F7556}") = "LegacyCodeSample", "LegacyCodeSample\LegacyCodeSample.csproj", "{CC3E692F-8BB3-449D-AC8A-BB437F25934E}"
EndProject
Project("{2150E333-8FDC-42A3-9474-1A3956D46DE8}") = "Typemock", "Typemock", "{97F4E70E-5458-469D-ADF3-68EBBD53D7D5}"
EndProject
Project("{FAE04EC0-301F-11D3-BF4B-00C04F79EFBC}") = "LegacyCodeSampleUnitTests", "Typemock\LegacyCodeSampleUnitTests\LegacyCodeSampleUnitTests.csproj", "{063B6671-AB52-4292-AAF5-0602C0326229}"
EndProject
Global
	GlobalSection(SolutionConfigurationPlatforms) = preSolution
		Debug|Any CPU = Debug|Any CPU
		Release|Any CPU = Release|Any CPU
	EndGlobalSection
	GlobalSection(ProjectConfigurationPlatforms) = postSolution
		{CC3E692F-8BB3-449D-AC8A-BB437F25934E}.Debug|Any CPU.ActiveCfg = Debug|Any CPU
		{CC3E692F-8BB3-449D-AC8A-BB437F25934E}.Debug|Any CPU.Build.0 = Debug|Any CPU
		{CC3E692F-8BB3-449D-AC8A-BB437F25934E}.Release|Any CPU.ActiveCfg = Release|Any CPU
		{CC3E692F-8BB3-449D-AC8A-BB437F25934E}.Release|Any CPU.Build.0 = Release|Any CPU
		{063B6671-AB52-4292-AAF5-0602C0326229}.Debug|Any CPU.ActiveCfg = Debug|Any CPU
		{063B6671-AB52-4292-AAF5-0602C0326229}.Debug|Any CPU.Build.0 = Debug|Any CPU
		{063B6671-AB52-4292-AAF5-0602C0326229}.Release|Any CPU.ActiveCfg = Release|Any CPU
		{063B6671-AB52-4292-AAF5-0602C0326229}.Release|Any CPU.Build.0 = Release|Any CPU
	EndGlobalSection
	GlobalSection(SolutionProperties) = preSolution
		HideSolutionNode = FALSE
	EndGlobalSection
	GlobalSection(NestedProjects) = preSolution
		{063B6671-AB52-4292-AAF5-0602C0326229} = {97F4E70E-5458-469D-ADF3-68EBBD53D7D5}
	EndGlobalSection
	GlobalSection(ExtensibilityGlobals) = postSolution
		SolutionGuid = {8147B4FA-E789-477F-85F0-8B730698FB46}
	EndGlobalSection
EndGlobal
